<?xml version="1.0" encoding="UTF-8"?>
<CodeBlocks_project_file>
	<FileVersion major="1" minor="6"/>
	<Project>
		<Option title="qcustomplotroot"/>
		<Option makefile_is_custom="1"/>
		<Option compiler="gcc"/>
		<Option virtualFolders="CMake Files\;CMake Files\..\;CMake Files\..\..\;CMake Files\..\..\..\;CMake Files\..\..\..\Qt\;CMake Files\..\..\..\Qt\6.3.1\;CMake Files\..\..\..\Qt\6.3.1\macos\;CMake Files\..\..\..\Qt\6.3.1\macos\lib\;CMake Files\..\..\..\Qt\6.3.1\macos\lib\cmake\;CMake Files\..\..\..\Qt\6.3.1\macos\lib\cmake\Qt6\;CMake Files\..\..\..\Qt\6.3.1\macos\lib\cmake\Qt6\macos\;CMake Files\..\..\..\Qt\6.3.1\macos\lib\cmake\Qt6Widgets\;CMake Files\..\..\..\Qt\6.3.1\macos\lib\cmake\Qt6WidgetsTools\;CMake Files\..\..\..\Qt\6.3.1\macos\lib\cmake\Qt6CoreTools\;CMake Files\..\..\..\Qt\6.3.1\macos\lib\cmake\Qt6GuiTools\;CMake Files\..\..\..\Qt\6.3.1\macos\lib\cmake\Qt6Core\;CMake Files\..\..\..\Qt\6.3.1\macos\lib\cmake\Qt6Gui\;CMake Files\..\..\..\Qt\6.3.1\macos\lib\cmake\Qt6DBus\;CMake Files\..\..\..\Qt\6.3.1\macos\lib\cmake\Qt6DBusTools\;CMake Files\..\..\..\Qt\6.3.1\macos\lib\cmake\Qt6PrintSupport\;CMake Files\QCustomPlot-library\;CMake Files\QCustomPlot-library\lib\;"/>
		<Build>
			<Target title="all">
				<Option working_dir="/Users/admin/S21/CPP3_SmartCalc_v2.0-0/src/QCustomPlot-library"/>
				<Option type="4"/>
				<MakeCommands>
					<Build command="/usr/bin/make -f &quot;/Users/admin/S21/CPP3_SmartCalc_v2.0-0/src/QCustomPlot-library/Makefile&quot;  VERBOSE=1 all"/>
					<CompileFile command="/usr/bin/make -f &quot;/Users/admin/S21/CPP3_SmartCalc_v2.0-0/src/QCustomPlot-library/Makefile&quot;  VERBOSE=1 &quot;$file&quot;"/>
					<Clean command="/usr/bin/make -f &quot;/Users/admin/S21/CPP3_SmartCalc_v2.0-0/src/QCustomPlot-library/Makefile&quot;  VERBOSE=1 clean"/>
					<DistClean command="/usr/bin/make -f &quot;/Users/admin/S21/CPP3_SmartCalc_v2.0-0/src/QCustomPlot-library/Makefile&quot;  VERBOSE=1 clean"/>
				</MakeCommands>
			</Target>
			<Target title="qcustomplot">
				<Option output="/Users/admin/S21/CPP3_SmartCalc_v2.0-0/src/build/output/amd64/Debug/lib/libqcustomplot.dylib" prefix_auto="0" extension_auto="0"/>
				<Option working_dir="/Users/admin/S21/CPP3_SmartCalc_v2.0-0/src/QCustomPlot-library/lib"/>
				<Option object_output="./"/>
				<Option type="3"/>
				<Option compiler="gcc"/>
				<Compiler>
					<Add option="-DQCUSTOMPLOT_COMPILE_LIBRARY"/>
					<Add option="-DQT_CORE_LIB"/>
					<Add option="-DQT_PRINTSUPPORT_LIB"/>
					<Add option="-DQT_GUI_LIB"/>
					<Add option="-DQT_WIDGETS_LIB"/>
					<Add directory="/Users/admin/S21/CPP3_SmartCalc_v2.0-0/src/QCustomPlot-library/lib"/>
					<Add directory="/Users/admin/S21/CPP3_SmartCalc_v2.0-0/src/QCustomPlot-library/lib/qcustomplot_autogen/include"/>
					<Add directory="/Users/admin/Qt/6.3.1/macos/lib/QtCore.framework/Headers"/>
					<Add directory="/Users/admin/Qt/6.3.1/macos/lib/QtCore.framework"/>
					<Add directory="/Users/admin/Qt/6.3.1/macos/mkspecs/macx-clang"/>
					<Add directory="/Users/admin/Qt/6.3.1/macos/include"/>
					<Add directory="/Users/admin/Qt/6.3.1/macos/lib/QtPrintSupport.framework/Headers"/>
					<Add directory="/Users/admin/Qt/6.3.1/macos/lib/QtPrintSupport.framework"/>
					<Add directory="/Users/admin/Qt/6.3.1/macos/lib/QtGui.framework/Headers"/>
					<Add directory="/Users/admin/Qt/6.3.1/macos/lib/QtGui.framework"/>
					<Add directory="/Users/admin/Qt/6.3.1/macos/lib/QtWidgets.framework/Headers"/>
					<Add directory="/Users/admin/Qt/6.3.1/macos/lib/QtWidgets.framework"/>
				</Compiler>
				<MakeCommands>
					<Build command="/usr/bin/make -f &quot;/Users/admin/S21/CPP3_SmartCalc_v2.0-0/src/QCustomPlot-library/lib/Makefile&quot;  VERBOSE=1 qcustomplot"/>
					<CompileFile command="/usr/bin/make -f &quot;/Users/admin/S21/CPP3_SmartCalc_v2.0-0/src/QCustomPlot-library/lib/Makefile&quot;  VERBOSE=1 &quot;$file&quot;"/>
					<Clean command="/usr/bin/make -f &quot;/Users/admin/S21/CPP3_SmartCalc_v2.0-0/src/QCustomPlot-library/lib/Makefile&quot;  VERBOSE=1 clean"/>
					<DistClean command="/usr/bin/make -f &quot;/Users/admin/S21/CPP3_SmartCalc_v2.0-0/src/QCustomPlot-library/lib/Makefile&quot;  VERBOSE=1 clean"/>
				</MakeCommands>
			</Target>
			<Target title="qcustomplot/fast">
				<Option output="/Users/admin/S21/CPP3_SmartCalc_v2.0-0/src/build/output/amd64/Debug/lib/libqcustomplot.dylib" prefix_auto="0" extension_auto="0"/>
				<Option working_dir="/Users/admin/S21/CPP3_SmartCalc_v2.0-0/src/QCustomPlot-library/lib"/>
				<Option object_output="./"/>
				<Option type="3"/>
				<Option compiler="gcc"/>
				<Compiler>
					<Add option="-DQCUSTOMPLOT_COMPILE_LIBRARY"/>
					<Add option="-DQT_CORE_LIB"/>
					<Add option="-DQT_PRINTSUPPORT_LIB"/>
					<Add option="-DQT_GUI_LIB"/>
					<Add option="-DQT_WIDGETS_LIB"/>
					<Add directory="/Users/admin/S21/CPP3_SmartCalc_v2.0-0/src/QCustomPlot-library/lib"/>
					<Add directory="/Users/admin/S21/CPP3_SmartCalc_v2.0-0/src/QCustomPlot-library/lib/qcustomplot_autogen/include"/>
					<Add directory="/Users/admin/Qt/6.3.1/macos/lib/QtCore.framework/Headers"/>
					<Add directory="/Users/admin/Qt/6.3.1/macos/lib/QtCore.framework"/>
					<Add directory="/Users/admin/Qt/6.3.1/macos/mkspecs/macx-clang"/>
					<Add directory="/Users/admin/Qt/6.3.1/macos/include"/>
					<Add directory="/Users/admin/Qt/6.3.1/macos/lib/QtPrintSupport.framework/Headers"/>
					<Add directory="/Users/admin/Qt/6.3.1/macos/lib/QtPrintSupport.framework"/>
					<Add directory="/Users/admin/Qt/6.3.1/macos/lib/QtGui.framework/Headers"/>
					<Add directory="/Users/admin/Qt/6.3.1/macos/lib/QtGui.framework"/>
					<Add directory="/Users/admin/Qt/6.3.1/macos/lib/QtWidgets.framework/Headers"/>
					<Add directory="/Users/admin/Qt/6.3.1/macos/lib/QtWidgets.framework"/>
				</Compiler>
				<MakeCommands>
					<Build command="/usr/bin/make -f &quot;/Users/admin/S21/CPP3_SmartCalc_v2.0-0/src/QCustomPlot-library/lib/Makefile&quot;  VERBOSE=1 qcustomplot/fast"/>
					<CompileFile command="/usr/bin/make -f &quot;/Users/admin/S21/CPP3_SmartCalc_v2.0-0/src/QCustomPlot-library/lib/Makefile&quot;  VERBOSE=1 &quot;$file&quot;"/>
					<Clean command="/usr/bin/make -f &quot;/Users/admin/S21/CPP3_SmartCalc_v2.0-0/src/QCustomPlot-library/lib/Makefile&quot;  VERBOSE=1 clean"/>
					<DistClean command="/usr/bin/make -f &quot;/Users/admin/S21/CPP3_SmartCalc_v2.0-0/src/QCustomPlot-library/lib/Makefile&quot;  VERBOSE=1 clean"/>
				</MakeCommands>
			</Target>
			<Target title="qcustomplot_autogen">
				<Option working_dir="/Users/admin/S21/CPP3_SmartCalc_v2.0-0/src/QCustomPlot-library/lib"/>
				<Option type="4"/>
				<MakeCommands>
					<Build command="/usr/bin/make -f &quot;/Users/admin/S21/CPP3_SmartCalc_v2.0-0/src/QCustomPlot-library/lib/Makefile&quot;  VERBOSE=1 qcustomplot_autogen"/>
					<CompileFile command="/usr/bin/make -f &quot;/Users/admin/S21/CPP3_SmartCalc_v2.0-0/src/QCustomPlot-library/lib/Makefile&quot;  VERBOSE=1 &quot;$file&quot;"/>
					<Clean command="/usr/bin/make -f &quot;/Users/admin/S21/CPP3_SmartCalc_v2.0-0/src/QCustomPlot-library/lib/Makefile&quot;  VERBOSE=1 clean"/>
					<DistClean command="/usr/bin/make -f &quot;/Users/admin/S21/CPP3_SmartCalc_v2.0-0/src/QCustomPlot-library/lib/Makefile&quot;  VERBOSE=1 clean"/>
				</MakeCommands>
			</Target>
		</Build>
		<Unit filename="/Users/admin/S21/CPP3_SmartCalc_v2.0-0/src/QCustomPlot-library/lib/config.h">
			<Option target="qcustomplot"/>
		</Unit>
		<Unit filename="/Users/admin/S21/CPP3_SmartCalc_v2.0-0/src/QCustomPlot-library/lib/qcustomplot.cpp">
			<Option target="qcustomplot"/>
		</Unit>
		<Unit filename="/Users/admin/S21/CPP3_SmartCalc_v2.0-0/src/QCustomPlot-library/lib/qcustomplot.h">
			<Option target="qcustomplot"/>
		</Unit>
		<Unit filename="/Users/admin/S21/CPP3_SmartCalc_v2.0-0/src/QCustomPlot-library/lib/qcustomplot_autogen/mocs_compilation.cpp">
			<Option target="qcustomplot"/>
		</Unit>
		<Unit filename="/Users/admin/S21/CPP3_SmartCalc_v2.0-0/src/CMakeLists.txt">
			<Option virtualFolder="CMake Files\"/>
		</Unit>
		<Unit filename="/Users/admin/S21/CPP3_SmartCalc_v2.0-0/src/../../../Qt/6.3.1/macos/lib/cmake/Qt6/FindCups.cmake">
			<Option virtualFolder="CMake Files\..\..\..\Qt\6.3.1\macos\lib\cmake\Qt6\"/>
		</Unit>
		<Unit filename="/Users/admin/S21/CPP3_SmartCalc_v2.0-0/src/../../../Qt/6.3.1/macos/lib/cmake/Qt6/FindWrapAtomic.cmake">
			<Option virtualFolder="CMake Files\..\..\..\Qt\6.3.1\macos\lib\cmake\Qt6\"/>
		</Unit>
		<Unit filename="/Users/admin/S21/CPP3_SmartCalc_v2.0-0/src/../../../Qt/6.3.1/macos/lib/cmake/Qt6/FindWrapOpenGL.cmake">
			<Option virtualFolder="CMake Files\..\..\..\Qt\6.3.1\macos\lib\cmake\Qt6\"/>
		</Unit>
		<Unit filename="/Users/admin/S21/CPP3_SmartCalc_v2.0-0/src/../../../Qt/6.3.1/macos/lib/cmake/Qt6/Qt6Config.cmake">
			<Option virtualFolder="CMake Files\..\..\..\Qt\6.3.1\macos\lib\cmake\Qt6\"/>
		</Unit>
		<Unit filename="/Users/admin/S21/CPP3_SmartCalc_v2.0-0/src/../../../Qt/6.3.1/macos/lib/cmake/Qt6/Qt6ConfigExtras.cmake">
			<Option virtualFolder="CMake Files\..\..\..\Qt\6.3.1\macos\lib\cmake\Qt6\"/>
		</Unit>
		<Unit filename="/Users/admin/S21/CPP3_SmartCalc_v2.0-0/src/../../../Qt/6.3.1/macos/lib/cmake/Qt6/Qt6ConfigVersion.cmake">
			<Option virtualFolder="CMake Files\..\..\..\Qt\6.3.1\macos\lib\cmake\Qt6\"/>
		</Unit>
		<Unit filename="/Users/admin/S21/CPP3_SmartCalc_v2.0-0/src/../../../Qt/6.3.1/macos/lib/cmake/Qt6/Qt6ConfigVersionImpl.cmake">
			<Option virtualFolder="CMake Files\..\..\..\Qt\6.3.1\macos\lib\cmake\Qt6\"/>
		</Unit>
		<Unit filename="/Users/admin/S21/CPP3_SmartCalc_v2.0-0/src/../../../Qt/6.3.1/macos/lib/cmake/Qt6/Qt6Dependencies.cmake">
			<Option virtualFolder="CMake Files\..\..\..\Qt\6.3.1\macos\lib\cmake\Qt6\"/>
		</Unit>
		<Unit filename="/Users/admin/S21/CPP3_SmartCalc_v2.0-0/src/../../../Qt/6.3.1/macos/lib/cmake/Qt6/Qt6Targets.cmake">
			<Option virtualFolder="CMake Files\..\..\..\Qt\6.3.1\macos\lib\cmake\Qt6\"/>
		</Unit>
		<Unit filename="/Users/admin/S21/CPP3_SmartCalc_v2.0-0/src/../../../Qt/6.3.1/macos/lib/cmake/Qt6/Qt6VersionlessTargets.cmake">
			<Option virtualFolder="CMake Files\..\..\..\Qt\6.3.1\macos\lib\cmake\Qt6\"/>
		</Unit>
		<Unit filename="/Users/admin/S21/CPP3_SmartCalc_v2.0-0/src/../../../Qt/6.3.1/macos/lib/cmake/Qt6/QtFeature.cmake">
			<Option virtualFolder="CMake Files\..\..\..\Qt\6.3.1\macos\lib\cmake\Qt6\"/>
		</Unit>
		<Unit filename="/Users/admin/S21/CPP3_SmartCalc_v2.0-0/src/../../../Qt/6.3.1/macos/lib/cmake/Qt6/QtFeatureCommon.cmake">
			<Option virtualFolder="CMake Files\..\..\..\Qt\6.3.1\macos\lib\cmake\Qt6\"/>
		</Unit>
		<Unit filename="/Users/admin/S21/CPP3_SmartCalc_v2.0-0/src/../../../Qt/6.3.1/macos/lib/cmake/Qt6/QtPublicCMakeHelpers.cmake">
			<Option virtualFolder="CMake Files\..\..\..\Qt\6.3.1\macos\lib\cmake\Qt6\"/>
		</Unit>
		<Unit filename="/Users/admin/S21/CPP3_SmartCalc_v2.0-0/src/../../../Qt/6.3.1/macos/lib/cmake/Qt6/QtPublicCMakeVersionHelpers.cmake">
			<Option virtualFolder="CMake Files\..\..\..\Qt\6.3.1\macos\lib\cmake\Qt6\"/>
		</Unit>
		<Unit filename="/Users/admin/S21/CPP3_SmartCalc_v2.0-0/src/../../../Qt/6.3.1/macos/lib/cmake/Qt6/QtPublicDependencyHelpers.cmake">
			<Option virtualFolder="CMake Files\..\..\..\Qt\6.3.1\macos\lib\cmake\Qt6\"/>
		</Unit>
		<Unit filename="/Users/admin/S21/CPP3_SmartCalc_v2.0-0/src/../../../Qt/6.3.1/macos/lib/cmake/Qt6/QtPublicFinalizerHelpers.cmake">
			<Option virtualFolder="CMake Files\..\..\..\Qt\6.3.1\macos\lib\cmake\Qt6\"/>
		</Unit>
		<Unit filename="/Users/admin/S21/CPP3_SmartCalc_v2.0-0/src/../../../Qt/6.3.1/macos/lib/cmake/Qt6/QtPublicFindPackageHelpers.cmake">
			<Option virtualFolder="CMake Files\..\..\..\Qt\6.3.1\macos\lib\cmake\Qt6\"/>
		</Unit>
		<Unit filename="/Users/admin/S21/CPP3_SmartCalc_v2.0-0/src/../../../Qt/6.3.1/macos/lib/cmake/Qt6/QtPublicPluginHelpers.cmake">
			<Option virtualFolder="CMake Files\..\..\..\Qt\6.3.1\macos\lib\cmake\Qt6\"/>
		</Unit>
		<Unit filename="/Users/admin/S21/CPP3_SmartCalc_v2.0-0/src/../../../Qt/6.3.1/macos/lib/cmake/Qt6/QtPublicTargetHelpers.cmake">
			<Option virtualFolder="CMake Files\..\..\..\Qt\6.3.1\macos\lib\cmake\Qt6\"/>
		</Unit>
		<Unit filename="/Users/admin/S21/CPP3_SmartCalc_v2.0-0/src/../../../Qt/6.3.1/macos/lib/cmake/Qt6/QtPublicWalkLibsHelpers.cmake">
			<Option virtualFolder="CMake Files\..\..\..\Qt\6.3.1\macos\lib\cmake\Qt6\"/>
		</Unit>
		<Unit filename="/Users/admin/S21/CPP3_SmartCalc_v2.0-0/src/../../../Qt/6.3.1/macos/lib/cmake/Qt6/macos/MacOSXBundleInfo.plist.in">
			<Option virtualFolder="CMake Files\..\..\..\Qt\6.3.1\macos\lib\cmake\Qt6\macos\"/>
		</Unit>
		<Unit filename="/Users/admin/S21/CPP3_SmartCalc_v2.0-0/src/../../../Qt/6.3.1/macos/lib/cmake/Qt6Widgets/Qt6WidgetsAdditionalTargetInfo.cmake">
			<Option virtualFolder="CMake Files\..\..\..\Qt\6.3.1\macos\lib\cmake\Qt6Widgets\"/>
		</Unit>
		<Unit filename="/Users/admin/S21/CPP3_SmartCalc_v2.0-0/src/../../../Qt/6.3.1/macos/lib/cmake/Qt6Widgets/Qt6WidgetsConfig.cmake">
			<Option virtualFolder="CMake Files\..\..\..\Qt\6.3.1\macos\lib\cmake\Qt6Widgets\"/>
		</Unit>
		<Unit filename="/Users/admin/S21/CPP3_SmartCalc_v2.0-0/src/../../../Qt/6.3.1/macos/lib/cmake/Qt6Widgets/Qt6WidgetsConfigVersion.cmake">
			<Option virtualFolder="CMake Files\..\..\..\Qt\6.3.1\macos\lib\cmake\Qt6Widgets\"/>
		</Unit>
		<Unit filename="/Users/admin/S21/CPP3_SmartCalc_v2.0-0/src/../../../Qt/6.3.1/macos/lib/cmake/Qt6Widgets/Qt6WidgetsConfigVersionImpl.cmake">
			<Option virtualFolder="CMake Files\..\..\..\Qt\6.3.1\macos\lib\cmake\Qt6Widgets\"/>
		</Unit>
		<Unit filename="/Users/admin/S21/CPP3_SmartCalc_v2.0-0/src/../../../Qt/6.3.1/macos/lib/cmake/Qt6Widgets/Qt6WidgetsDependencies.cmake">
			<Option virtualFolder="CMake Files\..\..\..\Qt\6.3.1\macos\lib\cmake\Qt6Widgets\"/>
		</Unit>
		<Unit filename="/Users/admin/S21/CPP3_SmartCalc_v2.0-0/src/../../../Qt/6.3.1/macos/lib/cmake/Qt6Widgets/Qt6WidgetsMacros.cmake">
			<Option virtualFolder="CMake Files\..\..\..\Qt\6.3.1\macos\lib\cmake\Qt6Widgets\"/>
		</Unit>
		<Unit filename="/Users/admin/S21/CPP3_SmartCalc_v2.0-0/src/../../../Qt/6.3.1/macos/lib/cmake/Qt6Widgets/Qt6WidgetsTargets-relwithdebinfo.cmake">
			<Option virtualFolder="CMake Files\..\..\..\Qt\6.3.1\macos\lib\cmake\Qt6Widgets\"/>
		</Unit>
		<Unit filename="/Users/admin/S21/CPP3_SmartCalc_v2.0-0/src/../../../Qt/6.3.1/macos/lib/cmake/Qt6Widgets/Qt6WidgetsTargets.cmake">
			<Option virtualFolder="CMake Files\..\..\..\Qt\6.3.1\macos\lib\cmake\Qt6Widgets\"/>
		</Unit>
		<Unit filename="/Users/admin/S21/CPP3_SmartCalc_v2.0-0/src/../../../Qt/6.3.1/macos/lib/cmake/Qt6Widgets/Qt6WidgetsVersionlessTargets.cmake">
			<Option virtualFolder="CMake Files\..\..\..\Qt\6.3.1\macos\lib\cmake\Qt6Widgets\"/>
		</Unit>
		<Unit filename="/Users/admin/S21/CPP3_SmartCalc_v2.0-0/src/../../../Qt/6.3.1/macos/lib/cmake/Qt6WidgetsTools/Qt6WidgetsToolsAdditionalTargetInfo.cmake">
			<Option virtualFolder="CMake Files\..\..\..\Qt\6.3.1\macos\lib\cmake\Qt6WidgetsTools\"/>
		</Unit>
		<Unit filename="/Users/admin/S21/CPP3_SmartCalc_v2.0-0/src/../../../Qt/6.3.1/macos/lib/cmake/Qt6WidgetsTools/Qt6WidgetsToolsConfig.cmake">
			<Option virtualFolder="CMake Files\..\..\..\Qt\6.3.1\macos\lib\cmake\Qt6WidgetsTools\"/>
		</Unit>
		<Unit filename="/Users/admin/S21/CPP3_SmartCalc_v2.0-0/src/../../../Qt/6.3.1/macos/lib/cmake/Qt6WidgetsTools/Qt6WidgetsToolsConfigVersion.cmake">
			<Option virtualFolder="CMake Files\..\..\..\Qt\6.3.1\macos\lib\cmake\Qt6WidgetsTools\"/>
		</Unit>
		<Unit filename="/Users/admin/S21/CPP3_SmartCalc_v2.0-0/src/../../../Qt/6.3.1/macos/lib/cmake/Qt6WidgetsTools/Qt6WidgetsToolsConfigVersionImpl.cmake">
			<Option virtualFolder="CMake Files\..\..\..\Qt\6.3.1\macos\lib\cmake\Qt6WidgetsTools\"/>
		</Unit>
		<Unit filename="/Users/admin/S21/CPP3_SmartCalc_v2.0-0/src/../../../Qt/6.3.1/macos/lib/cmake/Qt6WidgetsTools/Qt6WidgetsToolsDependencies.cmake">
			<Option virtualFolder="CMake Files\..\..\..\Qt\6.3.1\macos\lib\cmake\Qt6WidgetsTools\"/>
		</Unit>
		<Unit filename="/Users/admin/S21/CPP3_SmartCalc_v2.0-0/src/../../../Qt/6.3.1/macos/lib/cmake/Qt6WidgetsTools/Qt6WidgetsToolsTargets-relwithdebinfo.cmake">
			<Option virtualFolder="CMake Files\..\..\..\Qt\6.3.1\macos\lib\cmake\Qt6WidgetsTools\"/>
		</Unit>
		<Unit filename="/Users/admin/S21/CPP3_SmartCalc_v2.0-0/src/../../../Qt/6.3.1/macos/lib/cmake/Qt6WidgetsTools/Qt6WidgetsToolsTargets.cmake">
			<Option virtualFolder="CMake Files\..\..\..\Qt\6.3.1\macos\lib\cmake\Qt6WidgetsTools\"/>
		</Unit>
		<Unit filename="/Users/admin/S21/CPP3_SmartCalc_v2.0-0/src/../../../Qt/6.3.1/macos/lib/cmake/Qt6WidgetsTools/Qt6WidgetsToolsVersionlessTargets.cmake">
			<Option virtualFolder="CMake Files\..\..\..\Qt\6.3.1\macos\lib\cmake\Qt6WidgetsTools\"/>
		</Unit>
		<Unit filename="/Users/admin/S21/CPP3_SmartCalc_v2.0-0/src/../../../Qt/6.3.1/macos/lib/cmake/Qt6CoreTools/Qt6CoreToolsAdditionalTargetInfo.cmake">
			<Option virtualFolder="CMake Files\..\..\..\Qt\6.3.1\macos\lib\cmake\Qt6CoreTools\"/>
		</Unit>
		<Unit filename="/Users/admin/S21/CPP3_SmartCalc_v2.0-0/src/../../../Qt/6.3.1/macos/lib/cmake/Qt6CoreTools/Qt6CoreToolsConfig.cmake">
			<Option virtualFolder="CMake Files\..\..\..\Qt\6.3.1\macos\lib\cmake\Qt6CoreTools\"/>
		</Unit>
		<Unit filename="/Users/admin/S21/CPP3_SmartCalc_v2.0-0/src/../../../Qt/6.3.1/macos/lib/cmake/Qt6CoreTools/Qt6CoreToolsConfigVersion.cmake">
			<Option virtualFolder="CMake Files\..\..\..\Qt\6.3.1\macos\lib\cmake\Qt6CoreTools\"/>
		</Unit>
		<Unit filename="/Users/admin/S21/CPP3_SmartCalc_v2.0-0/src/../../../Qt/6.3.1/macos/lib/cmake/Qt6CoreTools/Qt6CoreToolsConfigVersionImpl.cmake">
			<Option virtualFolder="CMake Files\..\..\..\Qt\6.3.1\macos\lib\cmake\Qt6CoreTools\"/>
		</Unit>
		<Unit filename="/Users/admin/S21/CPP3_SmartCalc_v2.0-0/src/../../../Qt/6.3.1/macos/lib/cmake/Qt6CoreTools/Qt6CoreToolsDependencies.cmake">
			<Option virtualFolder="CMake Files\..\..\..\Qt\6.3.1\macos\lib\cmake\Qt6CoreTools\"/>
		</Unit>
		<Unit filename="/Users/admin/S21/CPP3_SmartCalc_v2.0-0/src/../../../Qt/6.3.1/macos/lib/cmake/Qt6CoreTools/Qt6CoreToolsTargets-relwithdebinfo.cmake">
			<Option virtualFolder="CMake Files\..\..\..\Qt\6.3.1\macos\lib\cmake\Qt6CoreTools\"/>
		</Unit>
		<Unit filename="/Users/admin/S21/CPP3_SmartCalc_v2.0-0/src/../../../Qt/6.3.1/macos/lib/cmake/Qt6CoreTools/Qt6CoreToolsTargets.cmake">
			<Option virtualFolder="CMake Files\..\..\..\Qt\6.3.1\macos\lib\cmake\Qt6CoreTools\"/>
		</Unit>
		<Unit filename="/Users/admin/S21/CPP3_SmartCalc_v2.0-0/src/../../../Qt/6.3.1/macos/lib/cmake/Qt6CoreTools/Qt6CoreToolsVersionlessTargets.cmake">
			<Option virtualFolder="CMake Files\..\..\..\Qt\6.3.1\macos\lib\cmake\Qt6CoreTools\"/>
		</Unit>
		<Unit filename="/Users/admin/S21/CPP3_SmartCalc_v2.0-0/src/../../../Qt/6.3.1/macos/lib/cmake/Qt6GuiTools/Qt6GuiToolsAdditionalTargetInfo.cmake">
			<Option virtualFolder="CMake Files\..\..\..\Qt\6.3.1\macos\lib\cmake\Qt6GuiTools\"/>
		</Unit>
		<Unit filename="/Users/admin/S21/CPP3_SmartCalc_v2.0-0/src/../../../Qt/6.3.1/macos/lib/cmake/Qt6GuiTools/Qt6GuiToolsConfig.cmake">
			<Option virtualFolder="CMake Files\..\..\..\Qt\6.3.1\macos\lib\cmake\Qt6GuiTools\"/>
		</Unit>
		<Unit filename="/Users/admin/S21/CPP3_SmartCalc_v2.0-0/src/../../../Qt/6.3.1/macos/lib/cmake/Qt6GuiTools/Qt6GuiToolsConfigVersion.cmake">
			<Option virtualFolder="CMake Files\..\..\..\Qt\6.3.1\macos\lib\cmake\Qt6GuiTools\"/>
		</Unit>
		<Unit filename="/Users/admin/S21/CPP3_SmartCalc_v2.0-0/src/../../../Qt/6.3.1/macos/lib/cmake/Qt6GuiTools/Qt6GuiToolsConfigVersionImpl.cmake">
			<Option virtualFolder="CMake Files\..\..\..\Qt\6.3.1\macos\lib\cmake\Qt6GuiTools\"/>
		</Unit>
		<Unit filename="/Users/admin/S21/CPP3_SmartCalc_v2.0-0/src/../../../Qt/6.3.1/macos/lib/cmake/Qt6GuiTools/Qt6GuiToolsDependencies.cmake">
			<Option virtualFolder="CMake Files\..\..\..\Qt\6.3.1\macos\lib\cmake\Qt6GuiTools\"/>
		</Unit>
		<Unit filename="/Users/admin/S21/CPP3_SmartCalc_v2.0-0/src/../../../Qt/6.3.1/macos/lib/cmake/Qt6GuiTools/Qt6GuiToolsTargets-relwithdebinfo.cmake">
			<Option virtualFolder="CMake Files\..\..\..\Qt\6.3.1\macos\lib\cmake\Qt6GuiTools\"/>
		</Unit>
		<Unit filename="/Users/admin/S21/CPP3_SmartCalc_v2.0-0/src/../../../Qt/6.3.1/macos/lib/cmake/Qt6GuiTools/Qt6GuiToolsTargets.cmake">
			<Option virtualFolder="CMake Files\..\..\..\Qt\6.3.1\macos\lib\cmake\Qt6GuiTools\"/>
		</Unit>
		<Unit filename="/Users/admin/S21/CPP3_SmartCalc_v2.0-0/src/../../../Qt/6.3.1/macos/lib/cmake/Qt6GuiTools/Qt6GuiToolsVersionlessTargets.cmake">
			<Option virtualFolder="CMake Files\..\..\..\Qt\6.3.1\macos\lib\cmake\Qt6GuiTools\"/>
		</Unit>
		<Unit filename="/Users/admin/S21/CPP3_SmartCalc_v2.0-0/src/../../../Qt/6.3.1/macos/lib/cmake/Qt6Core/Qt6CoreAdditionalTargetInfo.cmake">
			<Option virtualFolder="CMake Files\..\..\..\Qt\6.3.1\macos\lib\cmake\Qt6Core\"/>
		</Unit>
		<Unit filename="/Users/admin/S21/CPP3_SmartCalc_v2.0-0/src/../../../Qt/6.3.1/macos/lib/cmake/Qt6Core/Qt6CoreConfig.cmake">
			<Option virtualFolder="CMake Files\..\..\..\Qt\6.3.1\macos\lib\cmake\Qt6Core\"/>
		</Unit>
		<Unit filename="/Users/admin/S21/CPP3_SmartCalc_v2.0-0/src/../../../Qt/6.3.1/macos/lib/cmake/Qt6Core/Qt6CoreConfigExtras.cmake">
			<Option virtualFolder="CMake Files\..\..\..\Qt\6.3.1\macos\lib\cmake\Qt6Core\"/>
		</Unit>
		<Unit filename="/Users/admin/S21/CPP3_SmartCalc_v2.0-0/src/../../../Qt/6.3.1/macos/lib/cmake/Qt6Core/Qt6CoreConfigVersion.cmake">
			<Option virtualFolder="CMake Files\..\..\..\Qt\6.3.1\macos\lib\cmake\Qt6Core\"/>
		</Unit>
		<Unit filename="/Users/admin/S21/CPP3_SmartCalc_v2.0-0/src/../../../Qt/6.3.1/macos/lib/cmake/Qt6Core/Qt6CoreConfigVersionImpl.cmake">
			<Option virtualFolder="CMake Files\..\..\..\Qt\6.3.1\macos\lib\cmake\Qt6Core\"/>
		</Unit>
		<Unit filename="/Users/admin/S21/CPP3_SmartCalc_v2.0-0/src/../../../Qt/6.3.1/macos/lib/cmake/Qt6Core/Qt6CoreDependencies.cmake">
			<Option virtualFolder="CMake Files\..\..\..\Qt\6.3.1\macos\lib\cmake\Qt6Core\"/>
		</Unit>
		<Unit filename="/Users/admin/S21/CPP3_SmartCalc_v2.0-0/src/../../../Qt/6.3.1/macos/lib/cmake/Qt6Core/Qt6CoreMacros.cmake">
			<Option virtualFolder="CMake Files\..\..\..\Qt\6.3.1\macos\lib\cmake\Qt6Core\"/>
		</Unit>
		<Unit filename="/Users/admin/S21/CPP3_SmartCalc_v2.0-0/src/../../../Qt/6.3.1/macos/lib/cmake/Qt6Core/Qt6CoreTargets-relwithdebinfo.cmake">
			<Option virtualFolder="CMake Files\..\..\..\Qt\6.3.1\macos\lib\cmake\Qt6Core\"/>
		</Unit>
		<Unit filename="/Users/admin/S21/CPP3_SmartCalc_v2.0-0/src/../../../Qt/6.3.1/macos/lib/cmake/Qt6Core/Qt6CoreTargets.cmake">
			<Option virtualFolder="CMake Files\..\..\..\Qt\6.3.1\macos\lib\cmake\Qt6Core\"/>
		</Unit>
		<Unit filename="/Users/admin/S21/CPP3_SmartCalc_v2.0-0/src/../../../Qt/6.3.1/macos/lib/cmake/Qt6Core/Qt6CoreVersionlessTargets.cmake">
			<Option virtualFolder="CMake Files\..\..\..\Qt\6.3.1\macos\lib\cmake\Qt6Core\"/>
		</Unit>
		<Unit filename="/Users/admin/S21/CPP3_SmartCalc_v2.0-0/src/../../../Qt/6.3.1/macos/lib/cmake/Qt6Gui/Qt6GuiAdditionalTargetInfo.cmake">
			<Option virtualFolder="CMake Files\..\..\..\Qt\6.3.1\macos\lib\cmake\Qt6Gui\"/>
		</Unit>
		<Unit filename="/Users/admin/S21/CPP3_SmartCalc_v2.0-0/src/../../../Qt/6.3.1/macos/lib/cmake/Qt6Gui/Qt6GuiConfig.cmake">
			<Option virtualFolder="CMake Files\..\..\..\Qt\6.3.1\macos\lib\cmake\Qt6Gui\"/>
		</Unit>
		<Unit filename="/Users/admin/S21/CPP3_SmartCalc_v2.0-0/src/../../../Qt/6.3.1/macos/lib/cmake/Qt6Gui/Qt6GuiConfigVersion.cmake">
			<Option virtualFolder="CMake Files\..\..\..\Qt\6.3.1\macos\lib\cmake\Qt6Gui\"/>
		</Unit>
		<Unit filename="/Users/admin/S21/CPP3_SmartCalc_v2.0-0/src/../../../Qt/6.3.1/macos/lib/cmake/Qt6Gui/Qt6GuiConfigVersionImpl.cmake">
			<Option virtualFolder="CMake Files\..\..\..\Qt\6.3.1\macos\lib\cmake\Qt6Gui\"/>
		</Unit>
		<Unit filename="/Users/admin/S21/CPP3_SmartCalc_v2.0-0/src/../../../Qt/6.3.1/macos/lib/cmake/Qt6Gui/Qt6GuiDependencies.cmake">
			<Option virtualFolder="CMake Files\..\..\..\Qt\6.3.1\macos\lib\cmake\Qt6Gui\"/>
		</Unit>
		<Unit filename="/Users/admin/S21/CPP3_SmartCalc_v2.0-0/src/../../../Qt/6.3.1/macos/lib/cmake/Qt6Gui/Qt6GuiTargets-relwithdebinfo.cmake">
			<Option virtualFolder="CMake Files\..\..\..\Qt\6.3.1\macos\lib\cmake\Qt6Gui\"/>
		</Unit>
		<Unit filename="/Users/admin/S21/CPP3_SmartCalc_v2.0-0/src/../../../Qt/6.3.1/macos/lib/cmake/Qt6Gui/Qt6GuiTargets.cmake">
			<Option virtualFolder="CMake Files\..\..\..\Qt\6.3.1\macos\lib\cmake\Qt6Gui\"/>
		</Unit>
		<Unit filename="/Users/admin/S21/CPP3_SmartCalc_v2.0-0/src/../../../Qt/6.3.1/macos/lib/cmake/Qt6Gui/Qt6GuiVersionlessTargets.cmake">
			<Option virtualFolder="CMake Files\..\..\..\Qt\6.3.1\macos\lib\cmake\Qt6Gui\"/>
		</Unit>
		<Unit filename="/Users/admin/S21/CPP3_SmartCalc_v2.0-0/src/../../../Qt/6.3.1/macos/lib/cmake/Qt6DBus/Qt6DBusAdditionalTargetInfo.cmake">
			<Option virtualFolder="CMake Files\..\..\..\Qt\6.3.1\macos\lib\cmake\Qt6DBus\"/>
		</Unit>
		<Unit filename="/Users/admin/S21/CPP3_SmartCalc_v2.0-0/src/../../../Qt/6.3.1/macos/lib/cmake/Qt6DBus/Qt6DBusConfig.cmake">
			<Option virtualFolder="CMake Files\..\..\..\Qt\6.3.1\macos\lib\cmake\Qt6DBus\"/>
		</Unit>
		<Unit filename="/Users/admin/S21/CPP3_SmartCalc_v2.0-0/src/../../../Qt/6.3.1/macos/lib/cmake/Qt6DBus/Qt6DBusConfigVersion.cmake">
			<Option virtualFolder="CMake Files\..\..\..\Qt\6.3.1\macos\lib\cmake\Qt6DBus\"/>
		</Unit>
		<Unit filename="/Users/admin/S21/CPP3_SmartCalc_v2.0-0/src/../../../Qt/6.3.1/macos/lib/cmake/Qt6DBus/Qt6DBusConfigVersionImpl.cmake">
			<Option virtualFolder="CMake Files\..\..\..\Qt\6.3.1\macos\lib\cmake\Qt6DBus\"/>
		</Unit>
		<Unit filename="/Users/admin/S21/CPP3_SmartCalc_v2.0-0/src/../../../Qt/6.3.1/macos/lib/cmake/Qt6DBus/Qt6DBusDependencies.cmake">
			<Option virtualFolder="CMake Files\..\..\..\Qt\6.3.1\macos\lib\cmake\Qt6DBus\"/>
		</Unit>
		<Unit filename="/Users/admin/S21/CPP3_SmartCalc_v2.0-0/src/../../../Qt/6.3.1/macos/lib/cmake/Qt6DBus/Qt6DBusMacros.cmake">
			<Option virtualFolder="CMake Files\..\..\..\Qt\6.3.1\macos\lib\cmake\Qt6DBus\"/>
		</Unit>
		<Unit filename="/Users/admin/S21/CPP3_SmartCalc_v2.0-0/src/../../../Qt/6.3.1/macos/lib/cmake/Qt6DBus/Qt6DBusTargets-relwithdebinfo.cmake">
			<Option virtualFolder="CMake Files\..\..\..\Qt\6.3.1\macos\lib\cmake\Qt6DBus\"/>
		</Unit>
		<Unit filename="/Users/admin/S21/CPP3_SmartCalc_v2.0-0/src/../../../Qt/6.3.1/macos/lib/cmake/Qt6DBus/Qt6DBusTargets.cmake">
			<Option virtualFolder="CMake Files\..\..\..\Qt\6.3.1\macos\lib\cmake\Qt6DBus\"/>
		</Unit>
		<Unit filename="/Users/admin/S21/CPP3_SmartCalc_v2.0-0/src/../../../Qt/6.3.1/macos/lib/cmake/Qt6DBus/Qt6DBusVersionlessTargets.cmake">
			<Option virtualFolder="CMake Files\..\..\..\Qt\6.3.1\macos\lib\cmake\Qt6DBus\"/>
		</Unit>
		<Unit filename="/Users/admin/S21/CPP3_SmartCalc_v2.0-0/src/../../../Qt/6.3.1/macos/lib/cmake/Qt6DBusTools/Qt6DBusToolsAdditionalTargetInfo.cmake">
			<Option virtualFolder="CMake Files\..\..\..\Qt\6.3.1\macos\lib\cmake\Qt6DBusTools\"/>
		</Unit>
		<Unit filename="/Users/admin/S21/CPP3_SmartCalc_v2.0-0/src/../../../Qt/6.3.1/macos/lib/cmake/Qt6DBusTools/Qt6DBusToolsConfig.cmake">
			<Option virtualFolder="CMake Files\..\..\..\Qt\6.3.1\macos\lib\cmake\Qt6DBusTools\"/>
		</Unit>
		<Unit filename="/Users/admin/S21/CPP3_SmartCalc_v2.0-0/src/../../../Qt/6.3.1/macos/lib/cmake/Qt6DBusTools/Qt6DBusToolsConfigVersion.cmake">
			<Option virtualFolder="CMake Files\..\..\..\Qt\6.3.1\macos\lib\cmake\Qt6DBusTools\"/>
		</Unit>
		<Unit filename="/Users/admin/S21/CPP3_SmartCalc_v2.0-0/src/../../../Qt/6.3.1/macos/lib/cmake/Qt6DBusTools/Qt6DBusToolsConfigVersionImpl.cmake">
			<Option virtualFolder="CMake Files\..\..\..\Qt\6.3.1\macos\lib\cmake\Qt6DBusTools\"/>
		</Unit>
		<Unit filename="/Users/admin/S21/CPP3_SmartCalc_v2.0-0/src/../../../Qt/6.3.1/macos/lib/cmake/Qt6DBusTools/Qt6DBusToolsDependencies.cmake">
			<Option virtualFolder="CMake Files\..\..\..\Qt\6.3.1\macos\lib\cmake\Qt6DBusTools\"/>
		</Unit>
		<Unit filename="/Users/admin/S21/CPP3_SmartCalc_v2.0-0/src/../../../Qt/6.3.1/macos/lib/cmake/Qt6DBusTools/Qt6DBusToolsTargets-relwithdebinfo.cmake">
			<Option virtualFolder="CMake Files\..\..\..\Qt\6.3.1\macos\lib\cmake\Qt6DBusTools\"/>
		</Unit>
		<Unit filename="/Users/admin/S21/CPP3_SmartCalc_v2.0-0/src/../../../Qt/6.3.1/macos/lib/cmake/Qt6DBusTools/Qt6DBusToolsTargets.cmake">
			<Option virtualFolder="CMake Files\..\..\..\Qt\6.3.1\macos\lib\cmake\Qt6DBusTools\"/>
		</Unit>
		<Unit filename="/Users/admin/S21/CPP3_SmartCalc_v2.0-0/src/../../../Qt/6.3.1/macos/lib/cmake/Qt6DBusTools/Qt6DBusToolsVersionlessTargets.cmake">
			<Option virtualFolder="CMake Files\..\..\..\Qt\6.3.1\macos\lib\cmake\Qt6DBusTools\"/>
		</Unit>
		<Unit filename="/Users/admin/S21/CPP3_SmartCalc_v2.0-0/src/../../../Qt/6.3.1/macos/lib/cmake/Qt6PrintSupport/Qt6PrintSupportAdditionalTargetInfo.cmake">
			<Option virtualFolder="CMake Files\..\..\..\Qt\6.3.1\macos\lib\cmake\Qt6PrintSupport\"/>
		</Unit>
		<Unit filename="/Users/admin/S21/CPP3_SmartCalc_v2.0-0/src/../../../Qt/6.3.1/macos/lib/cmake/Qt6PrintSupport/Qt6PrintSupportConfig.cmake">
			<Option virtualFolder="CMake Files\..\..\..\Qt\6.3.1\macos\lib\cmake\Qt6PrintSupport\"/>
		</Unit>
		<Unit filename="/Users/admin/S21/CPP3_SmartCalc_v2.0-0/src/../../../Qt/6.3.1/macos/lib/cmake/Qt6PrintSupport/Qt6PrintSupportConfigVersion.cmake">
			<Option virtualFolder="CMake Files\..\..\..\Qt\6.3.1\macos\lib\cmake\Qt6PrintSupport\"/>
		</Unit>
		<Unit filename="/Users/admin/S21/CPP3_SmartCalc_v2.0-0/src/../../../Qt/6.3.1/macos/lib/cmake/Qt6PrintSupport/Qt6PrintSupportConfigVersionImpl.cmake">
			<Option virtualFolder="CMake Files\..\..\..\Qt\6.3.1\macos\lib\cmake\Qt6PrintSupport\"/>
		</Unit>
		<Unit filename="/Users/admin/S21/CPP3_SmartCalc_v2.0-0/src/../../../Qt/6.3.1/macos/lib/cmake/Qt6PrintSupport/Qt6PrintSupportDependencies.cmake">
			<Option virtualFolder="CMake Files\..\..\..\Qt\6.3.1\macos\lib\cmake\Qt6PrintSupport\"/>
		</Unit>
		<Unit filename="/Users/admin/S21/CPP3_SmartCalc_v2.0-0/src/../../../Qt/6.3.1/macos/lib/cmake/Qt6PrintSupport/Qt6PrintSupportTargets-relwithdebinfo.cmake">
			<Option virtualFolder="CMake Files\..\..\..\Qt\6.3.1\macos\lib\cmake\Qt6PrintSupport\"/>
		</Unit>
		<Unit filename="/Users/admin/S21/CPP3_SmartCalc_v2.0-0/src/../../../Qt/6.3.1/macos/lib/cmake/Qt6PrintSupport/Qt6PrintSupportTargets.cmake">
			<Option virtualFolder="CMake Files\..\..\..\Qt\6.3.1\macos\lib\cmake\Qt6PrintSupport\"/>
		</Unit>
		<Unit filename="/Users/admin/S21/CPP3_SmartCalc_v2.0-0/src/../../../Qt/6.3.1/macos/lib/cmake/Qt6PrintSupport/Qt6PrintSupportVersionlessTargets.cmake">
			<Option virtualFolder="CMake Files\..\..\..\Qt\6.3.1\macos\lib\cmake\Qt6PrintSupport\"/>
		</Unit>
		<Unit filename="/Users/admin/S21/CPP3_SmartCalc_v2.0-0/src/QCustomPlot-library/CMakeLists.txt">
			<Option virtualFolder="CMake Files\QCustomPlot-library\"/>
		</Unit>
		<Unit filename="/Users/admin/S21/CPP3_SmartCalc_v2.0-0/src/QCustomPlot-library/lib/CMakeLists.txt">
			<Option virtualFolder="CMake Files\QCustomPlot-library\lib\"/>
		</Unit>
		<Unit filename="/Users/admin/S21/CPP3_SmartCalc_v2.0-0/src/QCustomPlot-library/lib/config.h.in">
			<Option virtualFolder="CMake Files\QCustomPlot-library\lib\"/>
		</Unit>
	</Project>
</CodeBlocks_project_file>
